
Microsoft Visual Studio Solution File, Format Version 12.00
# Visual Studio Version 17
VisualStudioVersion = 17.7.34221.43
MinimumVisualStudioVersion = 10.0.40219.1
Project("{FAE04EC0-301F-11D3-BF4B-00C04F79EFBC}") = "Pr5BB", "Pr5BB.csproj", "{20664D52-5C00-4913-B67C-8105B059559E}"
EndProject
Project("{FAE04EC0-301F-11D3-BF4B-00C04F79EFBC}") = "HashPasswords", "..\HashPasswords\HashPasswords.csproj", "{F86EDA8A-E426-4EA8-BAD0-DD7DB5D1E174}"
EndProject
Global
	GlobalSection(SolutionConfigurationPlatforms) = preSolution
		Debug|Any CPU = Debug|Any CPU
		Release|Any CPU = Release|Any CPU
	EndGlobalSection
	GlobalSection(ProjectConfigurationPlatforms) = postSolution
		{20664D52-5C00-4913-B67C-8105B059559E}.Debug|Any CPU.ActiveCfg = Debug|Any CPU
		{20664D52-5C00-4913-B67C-8105B059559E}.Debug|Any CPU.Build.0 = Debug|Any CPU
		{20664D52-5C00-4913-B67C-8105B059559E}.Release|Any CPU.ActiveCfg = Release|Any CPU
		{20664D52-5C00-4913-B67C-8105B059559E}.Release|Any CPU.Build.0 = Release|Any CPU
		{F86EDA8A-E426-4EA8-BAD0-DD7DB5D1E174}.Debug|Any CPU.ActiveCfg = Debug|Any CPU
		{F86EDA8A-E426-4EA8-BAD0-DD7DB5D1E174}.Debug|Any CPU.Build.0 = Debug|Any CPU
		{F86EDA8A-E426-4EA8-BAD0-DD7DB5D1E174}.Release|Any CPU.ActiveCfg = Release|Any CPU
		{F86EDA8A-E426-4EA8-BAD0-DD7DB5D1E174}.Release|Any CPU.Build.0 = Release|Any CPU
	EndGlobalSection
	GlobalSection(SolutionProperties) = preSolution
		HideSolutionNode = FALSE
	EndGlobalSection
	GlobalSection(ExtensibilityGlobals) = postSolution
		SolutionGuid = {D44BBD0F-FAFF-4256-81AF-CBDA7A71B925}
	EndGlobalSection
EndGlobal
